
Microsoft Visual Studio Solution File, Format Version 12.00
# Visual Studio Version 16
VisualStudioVersion = 16.0.29519.181
MinimumVisualStudioVersion = 10.0.40219.1
Project("{FAE04EC0-301F-11D3-BF4B-00C04F79EFBC}") = "Xamarin.Lab.PrismNavigation", "Xamarin.Lab.PrismNavigation\Xamarin.Lab.PrismNavigation\Xamarin.Lab.PrismNavigation.csproj", "{ADEFA8AA-2EAE-485A-A076-C47387CBE71F}"
EndProject
Project("{FAE04EC0-301F-11D3-BF4B-00C04F79EFBC}") = "Xamarin.Lab.PrismNavigation.Android", "Xamarin.Lab.PrismNavigation\Xamarin.Lab.PrismNavigation.Android\Xamarin.Lab.PrismNavigation.Android.csproj", "{A9C0C2C0-AD9E-477E-A188-7BD4332A92E6}"
EndProject
Project("{FAE04EC0-301F-11D3-BF4B-00C04F79EFBC}") = "Xamarin.Lab.PrismNavigation.iOS", "Xamarin.Lab.PrismNavigation\Xamarin.Lab.PrismNavigation.iOS\Xamarin.Lab.PrismNavigation.iOS.csproj", "{1B67C899-D101-4551-A251-D2042979C962}"
EndProject
Global
	GlobalSection(SolutionConfigurationPlatforms) = preSolution
		Ad-Hoc|Any CPU = Ad-Hoc|Any CPU
		Ad-Hoc|iPhone = Ad-Hoc|iPhone
		Ad-Hoc|iPhoneSimulator = Ad-Hoc|iPhoneSimulator
		AppStore|Any CPU = AppStore|Any CPU
		AppStore|iPhone = AppStore|iPhone
		AppStore|iPhoneSimulator = AppStore|iPhoneSimulator
		Debug|Any CPU = Debug|Any CPU
		Debug|iPhone = Debug|iPhone
		Debug|iPhoneSimulator = Debug|iPhoneSimulator
		Release|Any CPU = Release|Any CPU
		Release|iPhone = Release|iPhone
		Release|iPhoneSimulator = Release|iPhoneSimulator
	EndGlobalSection
	GlobalSection(ProjectConfigurationPlatforms) = postSolution
		{ADEFA8AA-2EAE-485A-A076-C47387CBE71F}.Ad-Hoc|Any CPU.ActiveCfg = Debug|Any CPU
		{ADEFA8AA-2EAE-485A-A076-C47387CBE71F}.Ad-Hoc|Any CPU.Build.0 = Debug|Any CPU
		{ADEFA8AA-2EAE-485A-A076-C47387CBE71F}.Ad-Hoc|iPhone.ActiveCfg = Debug|Any CPU
		{ADEFA8AA-2EAE-485A-A076-C47387CBE71F}.Ad-Hoc|iPhone.Build.0 = Debug|Any CPU
		{ADEFA8AA-2EAE-485A-A076-C47387CBE71F}.Ad-Hoc|iPhoneSimulator.ActiveCfg = Debug|Any CPU
		{ADEFA8AA-2EAE-485A-A076-C47387CBE71F}.Ad-Hoc|iPhoneSimulator.Build.0 = Debug|Any CPU
		{ADEFA8AA-2EAE-485A-A076-C47387CBE71F}.AppStore|Any CPU.ActiveCfg = Debug|Any CPU
		{ADEFA8AA-2EAE-485A-A076-C47387CBE71F}.AppStore|Any CPU.Build.0 = Debug|Any CPU
		{ADEFA8AA-2EAE-485A-A076-C47387CBE71F}.AppStore|iPhone.ActiveCfg = Debug|Any CPU
		{ADEFA8AA-2EAE-485A-A076-C47387CBE71F}.AppStore|iPhone.Build.0 = Debug|Any CPU
		{ADEFA8AA-2EAE-485A-A076-C47387CBE71F}.AppStore|iPhoneSimulator.ActiveCfg = Debug|Any CPU
		{ADEFA8AA-2EAE-485A-A076-C47387CBE71F}.AppStore|iPhoneSimulator.Build.0 = Debug|Any CPU
		{ADEFA8AA-2EAE-485A-A076-C47387CBE71F}.Debug|Any CPU.ActiveCfg = Debug|Any CPU
		{ADEFA8AA-2EAE-485A-A076-C47387CBE71F}.Debug|Any CPU.Build.0 = Debug|Any CPU
		{ADEFA8AA-2EAE-485A-A076-C47387CBE71F}.Debug|iPhone.ActiveCfg = Debug|Any CPU
		{ADEFA8AA-2EAE-485A-A076-C47387CBE71F}.Debug|iPhone.Build.0 = Debug|Any CPU
		{ADEFA8AA-2EAE-485A-A076-C47387CBE71F}.Debug|iPhoneSimulator.ActiveCfg = Debug|Any CPU
		{ADEFA8AA-2EAE-485A-A076-C47387CBE71F}.Debug|iPhoneSimulator.Build.0 = Debug|Any CPU
		{ADEFA8AA-2EAE-485A-A076-C47387CBE71F}.Release|Any CPU.ActiveCfg = Release|Any CPU
		{ADEFA8AA-2EAE-485A-A076-C47387CBE71F}.Release|Any CPU.Build.0 = Release|Any CPU
		{ADEFA8AA-2EAE-485A-A076-C47387CBE71F}.Release|iPhone.ActiveCfg = Release|Any CPU
		{ADEFA8AA-2EAE-485A-A076-C47387CBE71F}.Release|iPhone.Build.0 = Release|Any CPU
		{ADEFA8AA-2EAE-485A-A076-C47387CBE71F}.Release|iPhoneSimulator.ActiveCfg = Release|Any CPU
		{ADEFA8AA-2EAE-485A-A076-C47387CBE71F}.Release|iPhoneSimulator.Build.0 = Release|Any CPU
		{A9C0C2C0-AD9E-477E-A188-7BD4332A92E6}.Ad-Hoc|Any CPU.ActiveCfg = Release|Any CPU
		{A9C0C2C0-AD9E-477E-A188-7BD4332A92E6}.Ad-Hoc|Any CPU.Build.0 = Release|Any CPU
		{A9C0C2C0-AD9E-477E-A188-7BD4332A92E6}.Ad-Hoc|Any CPU.Deploy.0 = Release|Any CPU
		{A9C0C2C0-AD9E-477E-A188-7BD4332A92E6}.Ad-Hoc|iPhone.ActiveCfg = Release|Any CPU
		{A9C0C2C0-AD9E-477E-A188-7BD4332A92E6}.Ad-Hoc|iPhone.Build.0 = Release|Any CPU
		{A9C0C2C0-AD9E-477E-A188-7BD4332A92E6}.Ad-Hoc|iPhone.Deploy.0 = Release|Any CPU
		{A9C0C2C0-AD9E-477E-A188-7BD4332A92E6}.Ad-Hoc|iPhoneSimulator.ActiveCfg = Release|Any CPU
		{A9C0C2C0-AD9E-477E-A188-7BD4332A92E6}.Ad-Hoc|iPhoneSimulator.Build.0 = Release|Any CPU
		{A9C0C2C0-AD9E-477E-A188-7BD4332A92E6}.Ad-Hoc|iPhoneSimulator.Deploy.0 = Release|Any CPU
		{A9C0C2C0-AD9E-477E-A188-7BD4332A92E6}.AppStore|Any CPU.ActiveCfg = Release|Any CPU
		{A9C0C2C0-AD9E-477E-A188-7BD4332A92E6}.AppStore|Any CPU.Build.0 = Release|Any CPU
		{A9C0C2C0-AD9E-477E-A188-7BD4332A92E6}.AppStore|Any CPU.Deploy.0 = Release|Any CPU
		{A9C0C2C0-AD9E-477E-A188-7BD4332A92E6}.AppStore|iPhone.ActiveCfg = Release|Any CPU
		{A9C0C2C0-AD9E-477E-A188-7BD4332A92E6}.AppStore|iPhone.Build.0 = Release|Any CPU
		{A9C0C2C0-AD9E-477E-A188-7BD4332A92E6}.AppStore|iPhone.Deploy.0 = Release|Any CPU
		{A9C0C2C0-AD9E-477E-A188-7BD4332A92E6}.AppStore|iPhoneSimulator.ActiveCfg = Release|Any CPU
		{A9C0C2C0-AD9E-477E-A188-7BD4332A92E6}.AppStore|iPhoneSimulator.Build.0 = Release|Any CPU
		{A9C0C2C0-AD9E-477E-A188-7BD4332A92E6}.AppStore|iPhoneSimulator.Deploy.0 = Release|Any CPU
		{A9C0C2C0-AD9E-477E-A188-7BD4332A92E6}.Debug|Any CPU.ActiveCfg = Debug|Any CPU
		{A9C0C2C0-AD9E-477E-A188-7BD4332A92E6}.Debug|Any CPU.Build.0 = Debug|Any CPU
		{A9C0C2C0-AD9E-477E-A188-7BD4332A92E6}.Debug|Any CPU.Deploy.0 = Debug|Any CPU
		{A9C0C2C0-AD9E-477E-A188-7BD4332A92E6}.Debug|iPhone.ActiveCfg = Debug|Any CPU
		{A9C0C2C0-AD9E-477E-A188-7BD4332A92E6}.Debug|iPhone.Build.0 = Debug|Any CPU
		{A9C0C2C0-AD9E-477E-A188-7BD4332A92E6}.Debug|iPhone.Deploy.0 = Debug|Any CPU
		{A9C0C2C0-AD9E-477E-A188-7BD4332A92E6}.Debug|iPhoneSimulator.ActiveCfg = Debug|Any CPU
		{A9C0C2C0-AD9E-477E-A188-7BD4332A92E6}.Debug|iPhoneSimulator.Build.0 = Debug|Any CPU
		{A9C0C2C0-AD9E-477E-A188-7BD4332A92E6}.Debug|iPhoneSimulator.Deploy.0 = Debug|Any CPU
		{A9C0C2C0-AD9E-477E-A188-7BD4332A92E6}.Release|Any CPU.ActiveCfg = Release|Any CPU
		{A9C0C2C0-AD9E-477E-A188-7BD4332A92E6}.Release|Any CPU.Build.0 = Release|Any CPU
		{A9C0C2C0-AD9E-477E-A188-7BD4332A92E6}.Release|Any CPU.Deploy.0 = Release|Any CPU
		{A9C0C2C0-AD9E-477E-A188-7BD4332A92E6}.Release|iPhone.ActiveCfg = Release|Any CPU
		{A9C0C2C0-AD9E-477E-A188-7BD4332A92E6}.Release|iPhone.Build.0 = Release|Any CPU
		{A9C0C2C0-AD9E-477E-A188-7BD4332A92E6}.Release|iPhone.Deploy.0 = Release|Any CPU
		{A9C0C2C0-AD9E-477E-A188-7BD4332A92E6}.Release|iPhoneSimulator.ActiveCfg = Release|Any CPU
		{A9C0C2C0-AD9E-477E-A188-7BD4332A92E6}.Release|iPhoneSimulator.Build.0 = Release|Any CPU
		{A9C0C2C0-AD9E-477E-A188-7BD4332A92E6}.Release|iPhoneSimulator.Deploy.0 = Release|Any CPU
		{1B67C899-D101-4551-A251-D2042979C962}.Ad-Hoc|Any CPU.ActiveCfg = Ad-Hoc|iPhone
		{1B67C899-D101-4551-A251-D2042979C962}.Ad-Hoc|iPhone.ActiveCfg = Ad-Hoc|iPhone
		{1B67C899-D101-4551-A251-D2042979C962}.Ad-Hoc|iPhone.Build.0 = Ad-Hoc|iPhone
		{1B67C899-D101-4551-A251-D2042979C962}.Ad-Hoc|iPhoneSimulator.ActiveCfg = Ad-Hoc|iPhoneSimulator
		{1B67C899-D101-4551-A251-D2042979C962}.Ad-Hoc|iPhoneSimulator.Build.0 = Ad-Hoc|iPhoneSimulator
		{1B67C899-D101-4551-A251-D2042979C962}.AppStore|Any CPU.ActiveCfg = AppStore|iPhone
		{1B67C899-D101-4551-A251-D2042979C962}.AppStore|iPhone.ActiveCfg = AppStore|iPhone
		{1B67C899-D101-4551-A251-D2042979C962}.AppStore|iPhone.Build.0 = AppStore|iPhone
		{1B67C899-D101-4551-A251-D2042979C962}.AppStore|iPhoneSimulator.ActiveCfg = AppStore|iPhoneSimulator
		{1B67C899-D101-4551-A251-D2042979C962}.AppStore|iPhoneSimulator.Build.0 = AppStore|iPhoneSimulator
		{1B67C899-D101-4551-A251-D2042979C962}.Debug|Any CPU.ActiveCfg = Debug|iPhone
		{1B67C899-D101-4551-A251-D2042979C962}.Debug|iPhone.ActiveCfg = Debug|iPhone
		{1B67C899-D101-4551-A251-D2042979C962}.Debug|iPhone.Build.0 = Debug|iPhone
		{1B67C899-D101-4551-A251-D2042979C962}.Debug|iPhoneSimulator.ActiveCfg = Debug|iPhoneSimulator
		{1B67C899-D101-4551-A251-D2042979C962}.Debug|iPhoneSimulator.Build.0 = Debug|iPhoneSimulator
		{1B67C899-D101-4551-A251-D2042979C962}.Release|Any CPU.ActiveCfg = Release|iPhone
		{1B67C899-D101-4551-A251-D2042979C962}.Release|iPhone.ActiveCfg = Release|iPhone
		{1B67C899-D101-4551-A251-D2042979C962}.Release|iPhone.Build.0 = Release|iPhone
		{1B67C899-D101-4551-A251-D2042979C962}.Release|iPhoneSimulator.ActiveCfg = Release|iPhoneSimulator
		{1B67C899-D101-4551-A251-D2042979C962}.Release|iPhoneSimulator.Build.0 = Release|iPhoneSimulator
	EndGlobalSection
	GlobalSection(SolutionProperties) = preSolution
		HideSolutionNode = FALSE
	EndGlobalSection
	GlobalSection(ExtensibilityGlobals) = postSolution
		SolutionGuid = {AAC8894A-34ED-4007-A91C-B945EA112FC9}
	EndGlobalSection
EndGlobal
